// !$*UTF8*$!
{
	archiveVersion = 1;
	classes = {
	};
	objectVersion = 46;
	objects = {

/* Begin PBXBuildFile section */
		08012CA01E83C24900E925CD /* ImageResources.bundle in Resources */ = {isa = PBXBuildFile; fileRef = 08012C9A1E83C24900E925CD /* ImageResources.bundle */; };
		08012CA11E83C24900E925CD /* XLSlider.m in Sources */ = {isa = PBXBuildFile; fileRef = 08012C9D1E83C24900E925CD /* XLSlider.m */; };
		08012CA21E83C24900E925CD /* XLVideoPlayer.m in Sources */ = {isa = PBXBuildFile; fileRef = 08012C9F1E83C24900E925CD /* XLVideoPlayer.m */; };
		08012CA71E83C25400E925CD /* XLVideoCell.m in Sources */ = {isa = PBXBuildFile; fileRef = 08012CA51E83C25400E925CD /* XLVideoCell.m */; };
		08012CA81E83C25400E925CD /* XLVideoCell.xib in Resources */ = {isa = PBXBuildFile; fileRef = 08012CA61E83C25400E925CD /* XLVideoCell.xib */; };
		08012CAC1E83C63200E925CD /* XLVideoItem.m in Sources */ = {isa = PBXBuildFile; fileRef = 08012CAB1E83C63200E925CD /* XLVideoItem.m */; };
		08012CAF1E83C9BB00E925CD /* AYVideoPlayViewController.m in Sources */ = {isa = PBXBuildFile; fileRef = 08012CAE1E83C9BB00E925CD /* AYVideoPlayViewController.m */; };
		082E7EA51E6FB5D900C45EAC /* AYTabBarViewController.m in Sources */ = {isa = PBXBuildFile; fileRef = 082E7EA41E6FB5D900C45EAC /* AYTabBarViewController.m */; };
		082E7EA81E6FB75800C45EAC /* AYNavigationViewController.m in Sources */ = {isa = PBXBuildFile; fileRef = 082E7EA71E6FB75800C45EAC /* AYNavigationViewController.m */; };
		082E7EAB1E6FBE1500C45EAC /* AYVideoViewController.m in Sources */ = {isa = PBXBuildFile; fileRef = 082E7EAA1E6FBE1500C45EAC /* AYVideoViewController.m */; };
		084638A71E1CCB3B00141902 /* HLPictureScrollView.m in Sources */ = {isa = PBXBuildFile; fileRef = 084638A61E1CCB3B00141902 /* HLPictureScrollView.m */; };
		085FAFDD1E810E8B00A3F53E /* AYWebView.m in Sources */ = {isa = PBXBuildFile; fileRef = 085FAFDC1E810E8B00A3F53E /* AYWebView.m */; };
		0864744D1DF540B800072CB1 /* AlexPianoDataBase.sqlite in Resources */ = {isa = PBXBuildFile; fileRef = 0864744C1DF540B800072CB1 /* AlexPianoDataBase.sqlite */; };
		0864747D1DF547D600072CB1 /* NSString+Password.m in Sources */ = {isa = PBXBuildFile; fileRef = 0864746D1DF547D600072CB1 /* NSString+Password.m */; };
		0864747E1DF547D600072CB1 /* NSString+size.m in Sources */ = {isa = PBXBuildFile; fileRef = 0864746F1DF547D600072CB1 /* NSString+size.m */; };
		0864747F1DF547D600072CB1 /* UIColor+Help.m in Sources */ = {isa = PBXBuildFile; fileRef = 086474711DF547D600072CB1 /* UIColor+Help.m */; };
		086474801DF547D600072CB1 /* UIFont+HLFont.m in Sources */ = {isa = PBXBuildFile; fileRef = 086474731DF547D600072CB1 /* UIFont+HLFont.m */; };
		086474811DF547D600072CB1 /* UIImage+MJ.m in Sources */ = {isa = PBXBuildFile; fileRef = 086474751DF547D600072CB1 /* UIImage+MJ.m */; };
		086474821DF547D600072CB1 /* UILabel+StringFrame.m in Sources */ = {isa = PBXBuildFile; fileRef = 086474771DF547D600072CB1 /* UILabel+StringFrame.m */; };
		086474831DF547D600072CB1 /* UINavigationBar+BackgroundColor.m in Sources */ = {isa = PBXBuildFile; fileRef = 086474791DF547D600072CB1 /* UINavigationBar+BackgroundColor.m */; };
		086474841DF547D600072CB1 /* UIView+Extension.m in Sources */ = {isa = PBXBuildFile; fileRef = 0864747B1DF547D600072CB1 /* UIView+Extension.m */; };
		086474871DF5480200072CB1 /* UIBarButtonItem+Extension.m in Sources */ = {isa = PBXBuildFile; fileRef = 086474861DF5480200072CB1 /* UIBarButtonItem+Extension.m */; };
		0864748A1DF5480E00072CB1 /* ISMessages+Alex.m in Sources */ = {isa = PBXBuildFile; fileRef = 086474891DF5480E00072CB1 /* ISMessages+Alex.m */; };
		0864748D1DF5481A00072CB1 /* HLHttpClient.m in Sources */ = {isa = PBXBuildFile; fileRef = 0864748C1DF5481A00072CB1 /* HLHttpClient.m */; };
		086474901DF5482500072CB1 /* SBFMDBTool.m in Sources */ = {isa = PBXBuildFile; fileRef = 0864748F1DF5482500072CB1 /* SBFMDBTool.m */; };
		086474931DF5482D00072CB1 /* LZProgressView.m in Sources */ = {isa = PBXBuildFile; fileRef = 086474921DF5482D00072CB1 /* LZProgressView.m */; };
		086474961DF5483700072CB1 /* HLAudioTool.m in Sources */ = {isa = PBXBuildFile; fileRef = 086474951DF5483700072CB1 /* HLAudioTool.m */; };
		086474991DF556A400072CB1 /* HLAccountManger.m in Sources */ = {isa = PBXBuildFile; fileRef = 086474981DF556A400072CB1 /* HLAccountManger.m */; };
		08AC91461E092A6C00F3E083 /* Default-568h@2x.png in Resources */ = {isa = PBXBuildFile; fileRef = 08AC91451E092A6C00F3E083 /* Default-568h@2x.png */; };
		08AC91481E09405300F3E083 /* Internet Widgits Pty Ltd.cer in Resources */ = {isa = PBXBuildFile; fileRef = 08AC91471E09405300F3E083 /* Internet Widgits Pty Ltd.cer */; };
		08EE6B341E7FE45D001565C5 /* AYPlayViewController.m in Sources */ = {isa = PBXBuildFile; fileRef = 08EE6B331E7FE45D001565C5 /* AYPlayViewController.m */; };
		A311BF3069DCF1C947FB1D4C /* libPods-UsedPiano.a in Frameworks */ = {isa = PBXBuildFile; fileRef = B358400DA895ACED4EDD76AC /* libPods-UsedPiano.a */; };
		C021E9B91E8792CA002854FC /* AboutmeViewController.m in Sources */ = {isa = PBXBuildFile; fileRef = C021E9B81E8792CA002854FC /* AboutmeViewController.m */; };
		C02AAFE91A80EADE0011454D /* GirlPiano.jpg in Resources */ = {isa = PBXBuildFile; fileRef = C02AAFE81A80EADE0011454D /* GirlPiano.jpg */; };
		C02AAFEF1A80F0540011454D /* girlPiano2.jpg in Resources */ = {isa = PBXBuildFile; fileRef = C02AAFEE1A80F0540011454D /* girlPiano2.jpg */; };
		C02AAFF11A80F1B60011454D /* girlPiano3.png in Resources */ = {isa = PBXBuildFile; fileRef = C02AAFF01A80F1B60011454D /* girlPiano3.png */; };
		C054DC2B19FE9AEE00C82E36 /* Foundation.framework in Frameworks */ = {isa = PBXBuildFile; fileRef = C054DC2A19FE9AEE00C82E36 /* Foundation.framework */; };
		C054DC2D19FE9AEE00C82E36 /* CoreGraphics.framework in Frameworks */ = {isa = PBXBuildFile; fileRef = C054DC2C19FE9AEE00C82E36 /* CoreGraphics.framework */; };
		C054DC2F19FE9AEE00C82E36 /* UIKit.framework in Frameworks */ = {isa = PBXBuildFile; fileRef = C054DC2E19FE9AEE00C82E36 /* UIKit.framework */; };
		C054DC3719FE9AEE00C82E36 /* main.m in Sources */ = {isa = PBXBuildFile; fileRef = C054DC3619FE9AEE00C82E36 /* main.m */; };
		C054DC3B19FE9AEE00C82E36 /* AppDelegate.m in Sources */ = {isa = PBXBuildFile; fileRef = C054DC3A19FE9AEE00C82E36 /* AppDelegate.m */; };
		C054DC4319FE9AEE00C82E36 /* Images.xcassets in Resources */ = {isa = PBXBuildFile; fileRef = C054DC4219FE9AEE00C82E36 /* Images.xcassets */; };
		C054DC4A19FE9AEE00C82E36 /* XCTest.framework in Frameworks */ = {isa = PBXBuildFile; fileRef = C054DC4919FE9AEE00C82E36 /* XCTest.framework */; };
		C054DC4B19FE9AEE00C82E36 /* Foundation.framework in Frameworks */ = {isa = PBXBuildFile; fileRef = C054DC2A19FE9AEE00C82E36 /* Foundation.framework */; };
		C054DC4C19FE9AEE00C82E36 /* UIKit.framework in Frameworks */ = {isa = PBXBuildFile; fileRef = C054DC2E19FE9AEE00C82E36 /* UIKit.framework */; };
		C054DC5419FE9AEE00C82E36 /* InfoPlist.strings in Resources */ = {isa = PBXBuildFile; fileRef = C054DC5219FE9AEE00C82E36 /* InfoPlist.strings */; };
		C054DC5619FE9AEE00C82E36 /* ____Tests.m in Sources */ = {isa = PBXBuildFile; fileRef = C054DC5519FE9AEE00C82E36 /* ____Tests.m */; };
		C054DC6019FE9B0300C82E36 /* libsqlite3.dylib in Frameworks */ = {isa = PBXBuildFile; fileRef = C054DC5F19FE9B0300C82E36 /* libsqlite3.dylib */; };
		C054DC7819FE9B7D00C82E36 /* piano.m in Sources */ = {isa = PBXBuildFile; fileRef = C054DC6E19FE9B7D00C82E36 /* piano.m */; };
		C054DC7919FE9B7D00C82E36 /* pianoCell.m in Sources */ = {isa = PBXBuildFile; fileRef = C054DC7019FE9B7D00C82E36 /* pianoCell.m */; };
		C054DC7B19FE9B7D00C82E36 /* DisplayViewController.m in Sources */ = {isa = PBXBuildFile; fileRef = C054DC7319FE9B7D00C82E36 /* DisplayViewController.m */; };
		C054DC7C19FE9B7D00C82E36 /* PianoDetailViewController.m in Sources */ = {isa = PBXBuildFile; fileRef = C054DC7519FE9B7D00C82E36 /* PianoDetailViewController.m */; };
		C07226261A788DEB00FB1B5C /* CoreLocation.framework in Frameworks */ = {isa = PBXBuildFile; fileRef = C07226251A788DEB00FB1B5C /* CoreLocation.framework */; };
		C08B1A641A7235990079A116 /* SystemConfiguration.framework in Frameworks */ = {isa = PBXBuildFile; fileRef = C08B1A631A7235990079A116 /* SystemConfiguration.framework */; };
		C08B1A661A7235A40079A116 /* QuartzCore.framework in Frameworks */ = {isa = PBXBuildFile; fileRef = C08B1A651A7235A40079A116 /* QuartzCore.framework */; };
		C08B1A681A7235BA0079A116 /* CoreTelephony.framework in Frameworks */ = {isa = PBXBuildFile; fileRef = C08B1A671A7235BA0079A116 /* CoreTelephony.framework */; };
		C08B1A6A1A7235D50079A116 /* libicucore.dylib in Frameworks */ = {isa = PBXBuildFile; fileRef = C08B1A691A7235D50079A116 /* libicucore.dylib */; };
		C08B1A6C1A7235E60079A116 /* libz.1.2.5.dylib in Frameworks */ = {isa = PBXBuildFile; fileRef = C08B1A6B1A7235E60079A116 /* libz.1.2.5.dylib */; };
		C08B1A6E1A7235EF0079A116 /* Security.framework in Frameworks */ = {isa = PBXBuildFile; fileRef = C08B1A6D1A7235EF0079A116 /* Security.framework */; };
		C08B1A701A7237480079A116 /* MessageUI.framework in Frameworks */ = {isa = PBXBuildFile; fileRef = C08B1A6F1A7237480079A116 /* MessageUI.framework */; };
		C0C5C8561A49761800449FE1 /* MainStoryboard.storyboard in Resources */ = {isa = PBXBuildFile; fileRef = C0C5C8551A49761800449FE1 /* MainStoryboard.storyboard */; };
		C0C8938F1A00EDC0001BE1F0 /* piano_detail.plist in Resources */ = {isa = PBXBuildFile; fileRef = C0C8938E1A00EDC0001BE1F0 /* piano_detail.plist */; };
		C0D64ED11E4EABD500C91851 /* HZPhotoBrowser.m in Sources */ = {isa = PBXBuildFile; fileRef = C0D64EC61E4EABD500C91851 /* HZPhotoBrowser.m */; };
		C0D64ED21E4EABD500C91851 /* HZPhotoBrowserView.m in Sources */ = {isa = PBXBuildFile; fileRef = C0D64EC91E4EABD500C91851 /* HZPhotoBrowserView.m */; };
		C0D64ED31E4EABD500C91851 /* HZPhotoGroup.m in Sources */ = {isa = PBXBuildFile; fileRef = C0D64ECB1E4EABD500C91851 /* HZPhotoGroup.m */; };
		C0D64ED41E4EABD500C91851 /* HZPhotoItem.m in Sources */ = {isa = PBXBuildFile; fileRef = C0D64ECD1E4EABD500C91851 /* HZPhotoItem.m */; };
		C0D64ED51E4EABD500C91851 /* HZWaitingView.m in Sources */ = {isa = PBXBuildFile; fileRef = C0D64ECF1E4EABD500C91851 /* HZWaitingView.m */; };
		C0D64ED61E4EABD500C91851 /* whiteplaceholder.png in Resources */ = {isa = PBXBuildFile; fileRef = C0D64ED01E4EABD500C91851 /* whiteplaceholder.png */; };
/* End PBXBuildFile section */

/* Begin PBXContainerItemProxy section */
		C054DC4D19FE9AEE00C82E36 /* PBXContainerItemProxy */ = {
			isa = PBXContainerItemProxy;
			containerPortal = C054DC1F19FE9AEE00C82E36 /* Project object */;
			proxyType = 1;
			remoteGlobalIDString = C054DC2619FE9AEE00C82E36;
			remoteInfo = "中古钢琴";
		};
/* End PBXContainerItemProxy section */

/* Begin PBXFileReference section */
		08012C9A1E83C24900E925CD /* ImageResources.bundle */ = {isa = PBXFileReference; lastKnownFileType = "wrapper.plug-in"; path = ImageResources.bundle; sourceTree = "<group>"; };
		08012C9C1E83C24900E925CD /* XLSlider.h */ = {isa = PBXFileReference; fileEncoding = 4; lastKnownFileType = sourcecode.c.h; path = XLSlider.h; sourceTree = "<group>"; };
		08012C9D1E83C24900E925CD /* XLSlider.m */ = {isa = PBXFileReference; fileEncoding = 4; lastKnownFileType = sourcecode.c.objc; path = XLSlider.m; sourceTree = "<group>"; };
		08012C9E1E83C24900E925CD /* XLVideoPlayer.h */ = {isa = PBXFileReference; fileEncoding = 4; lastKnownFileType = sourcecode.c.h; path = XLVideoPlayer.h; sourceTree = "<group>"; };
		08012C9F1E83C24900E925CD /* XLVideoPlayer.m */ = {isa = PBXFileReference; fileEncoding = 4; lastKnownFileType = sourcecode.c.objc; path = XLVideoPlayer.m; sourceTree = "<group>"; };
		08012CA41E83C25400E925CD /* XLVideoCell.h */ = {isa = PBXFileReference; fileEncoding = 4; lastKnownFileType = sourcecode.c.h; path = XLVideoCell.h; sourceTree = "<group>"; };
		08012CA51E83C25400E925CD /* XLVideoCell.m */ = {isa = PBXFileReference; fileEncoding = 4; lastKnownFileType = sourcecode.c.objc; path = XLVideoCell.m; sourceTree = "<group>"; };
		08012CA61E83C25400E925CD /* XLVideoCell.xib */ = {isa = PBXFileReference; fileEncoding = 4; lastKnownFileType = file.xib; path = XLVideoCell.xib; sourceTree = "<group>"; };
		08012CAA1E83C63200E925CD /* XLVideoItem.h */ = {isa = PBXFileReference; fileEncoding = 4; lastKnownFileType = sourcecode.c.h; path = XLVideoItem.h; sourceTree = "<group>"; };
		08012CAB1E83C63200E925CD /* XLVideoItem.m */ = {isa = PBXFileReference; fileEncoding = 4; lastKnownFileType = sourcecode.c.objc; path = XLVideoItem.m; sourceTree = "<group>"; };
		08012CAD1E83C9BB00E925CD /* AYVideoPlayViewController.h */ = {isa = PBXFileReference; fileEncoding = 4; lastKnownFileType = sourcecode.c.h; path = AYVideoPlayViewController.h; sourceTree = "<group>"; };
		08012CAE1E83C9BB00E925CD /* AYVideoPlayViewController.m */ = {isa = PBXFileReference; fileEncoding = 4; lastKnownFileType = sourcecode.c.objc; path = AYVideoPlayViewController.m; sourceTree = "<group>"; };
		082E7EA31E6FB5D900C45EAC /* AYTabBarViewController.h */ = {isa = PBXFileReference; fileEncoding = 4; lastKnownFileType = sourcecode.c.h; path = AYTabBarViewController.h; sourceTree = "<group>"; };
		082E7EA41E6FB5D900C45EAC /* AYTabBarViewController.m */ = {isa = PBXFileReference; fileEncoding = 4; lastKnownFileType = sourcecode.c.objc; path = AYTabBarViewController.m; sourceTree = "<group>"; };
		082E7EA61E6FB75800C45EAC /* AYNavigationViewController.h */ = {isa = PBXFileReference; fileEncoding = 4; lastKnownFileType = sourcecode.c.h; path = AYNavigationViewController.h; sourceTree = "<group>"; };
		082E7EA71E6FB75800C45EAC /* AYNavigationViewController.m */ = {isa = PBXFileReference; fileEncoding = 4; lastKnownFileType = sourcecode.c.objc; path = AYNavigationViewController.m; sourceTree = "<group>"; };
		082E7EA91E6FBE1500C45EAC /* AYVideoViewController.h */ = {isa = PBXFileReference; fileEncoding = 4; lastKnownFileType = sourcecode.c.h; path = AYVideoViewController.h; sourceTree = "<group>"; };
		082E7EAA1E6FBE1500C45EAC /* AYVideoViewController.m */ = {isa = PBXFileReference; fileEncoding = 4; lastKnownFileType = sourcecode.c.objc; path = AYVideoViewController.m; sourceTree = "<group>"; };
		084638A51E1CCB3B00141902 /* HLPictureScrollView.h */ = {isa = PBXFileReference; fileEncoding = 4; lastKnownFileType = sourcecode.c.h; path = HLPictureScrollView.h; sourceTree = "<group>"; };
		084638A61E1CCB3B00141902 /* HLPictureScrollView.m */ = {isa = PBXFileReference; fileEncoding = 4; lastKnownFileType = sourcecode.c.objc; path = HLPictureScrollView.m; sourceTree = "<group>"; };
		085FAFDB1E810E8B00A3F53E /* AYWebView.h */ = {isa = PBXFileReference; fileEncoding = 4; lastKnownFileType = sourcecode.c.h; path = AYWebView.h; sourceTree = "<group>"; };
		085FAFDC1E810E8B00A3F53E /* AYWebView.m */ = {isa = PBXFileReference; fileEncoding = 4; lastKnownFileType = sourcecode.c.objc; path = AYWebView.m; sourceTree = "<group>"; };
		0864744C1DF540B800072CB1 /* AlexPianoDataBase.sqlite */ = {isa = PBXFileReference; lastKnownFileType = file; path = AlexPianoDataBase.sqlite; sourceTree = "<group>"; };
		0864746C1DF547D600072CB1 /* NSString+Password.h */ = {isa = PBXFileReference; fileEncoding = 4; lastKnownFileType = sourcecode.c.h; path = "NSString+Password.h"; sourceTree = "<group>"; };
		0864746D1DF547D600072CB1 /* NSString+Password.m */ = {isa = PBXFileReference; fileEncoding = 4; lastKnownFileType = sourcecode.c.objc; path = "NSString+Password.m"; sourceTree = "<group>"; };
		0864746E1DF547D600072CB1 /* NSString+size.h */ = {isa = PBXFileReference; fileEncoding = 4; lastKnownFileType = sourcecode.c.h; path = "NSString+size.h"; sourceTree = "<group>"; };
		0864746F1DF547D600072CB1 /* NSString+size.m */ = {isa = PBXFileReference; fileEncoding = 4; lastKnownFileType = sourcecode.c.objc; path = "NSString+size.m"; sourceTree = "<group>"; };
		086474701DF547D600072CB1 /* UIColor+Help.h */ = {isa = PBXFileReference; fileEncoding = 4; lastKnownFileType = sourcecode.c.h; path = "UIColor+Help.h"; sourceTree = "<group>"; };
		086474711DF547D600072CB1 /* UIColor+Help.m */ = {isa = PBXFileReference; fileEncoding = 4; lastKnownFileType = sourcecode.c.objc; path = "UIColor+Help.m"; sourceTree = "<group>"; };
		086474721DF547D600072CB1 /* UIFont+HLFont.h */ = {isa = PBXFileReference; fileEncoding = 4; lastKnownFileType = sourcecode.c.h; path = "UIFont+HLFont.h"; sourceTree = "<group>"; };
		086474731DF547D600072CB1 /* UIFont+HLFont.m */ = {isa = PBXFileReference; fileEncoding = 4; lastKnownFileType = sourcecode.c.objc; path = "UIFont+HLFont.m"; sourceTree = "<group>"; };
		086474741DF547D600072CB1 /* UIImage+MJ.h */ = {isa = PBXFileReference; fileEncoding = 4; lastKnownFileType = sourcecode.c.h; path = "UIImage+MJ.h"; sourceTree = "<group>"; };
		086474751DF547D600072CB1 /* UIImage+MJ.m */ = {isa = PBXFileReference; fileEncoding = 4; lastKnownFileType = sourcecode.c.objc; path = "UIImage+MJ.m"; sourceTree = "<group>"; };
		086474761DF547D600072CB1 /* UILabel+StringFrame.h */ = {isa = PBXFileReference; fileEncoding = 4; lastKnownFileType = sourcecode.c.h; path = "UILabel+StringFrame.h"; sourceTree = "<group>"; };
		086474771DF547D600072CB1 /* UILabel+StringFrame.m */ = {isa = PBXFileReference; fileEncoding = 4; lastKnownFileType = sourcecode.c.objc; path = "UILabel+StringFrame.m"; sourceTree = "<group>"; };
		086474781DF547D600072CB1 /* UINavigationBar+BackgroundColor.h */ = {isa = PBXFileReference; fileEncoding = 4; lastKnownFileType = sourcecode.c.h; path = "UINavigationBar+BackgroundColor.h"; sourceTree = "<group>"; };
		086474791DF547D600072CB1 /* UINavigationBar+BackgroundColor.m */ = {isa = PBXFileReference; fileEncoding = 4; lastKnownFileType = sourcecode.c.objc; path = "UINavigationBar+BackgroundColor.m"; sourceTree = "<group>"; };
		0864747A1DF547D600072CB1 /* UIView+Extension.h */ = {isa = PBXFileReference; fileEncoding = 4; lastKnownFileType = sourcecode.c.h; path = "UIView+Extension.h"; sourceTree = "<group>"; };
		0864747B1DF547D600072CB1 /* UIView+Extension.m */ = {isa = PBXFileReference; fileEncoding = 4; lastKnownFileType = sourcecode.c.objc; path = "UIView+Extension.m"; sourceTree = "<group>"; };
		086474851DF5480200072CB1 /* UIBarButtonItem+Extension.h */ = {isa = PBXFileReference; fileEncoding = 4; lastKnownFileType = sourcecode.c.h; path = "UIBarButtonItem+Extension.h"; sourceTree = "<group>"; };
		086474861DF5480200072CB1 /* UIBarButtonItem+Extension.m */ = {isa = PBXFileReference; fileEncoding = 4; lastKnownFileType = sourcecode.c.objc; path = "UIBarButtonItem+Extension.m"; sourceTree = "<group>"; };
		086474881DF5480E00072CB1 /* ISMessages+Alex.h */ = {isa = PBXFileReference; fileEncoding = 4; lastKnownFileType = sourcecode.c.h; path = "ISMessages+Alex.h"; sourceTree = "<group>"; };
		086474891DF5480E00072CB1 /* ISMessages+Alex.m */ = {isa = PBXFileReference; fileEncoding = 4; lastKnownFileType = sourcecode.c.objc; path = "ISMessages+Alex.m"; sourceTree = "<group>"; };
		0864748B1DF5481A00072CB1 /* HLHttpClient.h */ = {isa = PBXFileReference; fileEncoding = 4; lastKnownFileType = sourcecode.c.h; path = HLHttpClient.h; sourceTree = "<group>"; };
		0864748C1DF5481A00072CB1 /* HLHttpClient.m */ = {isa = PBXFileReference; fileEncoding = 4; lastKnownFileType = sourcecode.c.objc; path = HLHttpClient.m; sourceTree = "<group>"; };
		0864748E1DF5482500072CB1 /* SBFMDBTool.h */ = {isa = PBXFileReference; fileEncoding = 4; lastKnownFileType = sourcecode.c.h; path = SBFMDBTool.h; sourceTree = "<group>"; };
		0864748F1DF5482500072CB1 /* SBFMDBTool.m */ = {isa = PBXFileReference; fileEncoding = 4; lastKnownFileType = sourcecode.c.objc; path = SBFMDBTool.m; sourceTree = "<group>"; };
		086474911DF5482D00072CB1 /* LZProgressView.h */ = {isa = PBXFileReference; fileEncoding = 4; lastKnownFileType = sourcecode.c.h; path = LZProgressView.h; sourceTree = "<group>"; };
		086474921DF5482D00072CB1 /* LZProgressView.m */ = {isa = PBXFileReference; fileEncoding = 4; lastKnownFileType = sourcecode.c.objc; path = LZProgressView.m; sourceTree = "<group>"; };
		086474941DF5483700072CB1 /* HLAudioTool.h */ = {isa = PBXFileReference; fileEncoding = 4; lastKnownFileType = sourcecode.c.h; path = HLAudioTool.h; sourceTree = "<group>"; };
		086474951DF5483700072CB1 /* HLAudioTool.m */ = {isa = PBXFileReference; fileEncoding = 4; lastKnownFileType = sourcecode.c.objc; path = HLAudioTool.m; sourceTree = "<group>"; };
		086474971DF556A400072CB1 /* HLAccountManger.h */ = {isa = PBXFileReference; fileEncoding = 4; lastKnownFileType = sourcecode.c.h; path = HLAccountManger.h; sourceTree = "<group>"; };
		086474981DF556A400072CB1 /* HLAccountManger.m */ = {isa = PBXFileReference; fileEncoding = 4; lastKnownFileType = sourcecode.c.objc; path = HLAccountManger.m; sourceTree = "<group>"; };
		08AC91451E092A6C00F3E083 /* Default-568h@2x.png */ = {isa = PBXFileReference; lastKnownFileType = image.png; path = "Default-568h@2x.png"; sourceTree = "<group>"; };
		08AC91471E09405300F3E083 /* Internet Widgits Pty Ltd.cer */ = {isa = PBXFileReference; lastKnownFileType = file; path = "Internet Widgits Pty Ltd.cer"; sourceTree = "<group>"; };
		08EE6B321E7FE45D001565C5 /* AYPlayViewController.h */ = {isa = PBXFileReference; fileEncoding = 4; lastKnownFileType = sourcecode.c.h; path = AYPlayViewController.h; sourceTree = "<group>"; };
		08EE6B331E7FE45D001565C5 /* AYPlayViewController.m */ = {isa = PBXFileReference; fileEncoding = 4; lastKnownFileType = sourcecode.c.objc; path = AYPlayViewController.m; sourceTree = "<group>"; };
		726D1E79A3907F19EF67C2DC /* Pods-UsedPiano.debug.xcconfig */ = {isa = PBXFileReference; includeInIndex = 1; lastKnownFileType = text.xcconfig; name = "Pods-UsedPiano.debug.xcconfig"; path = "Pods/Target Support Files/Pods-UsedPiano/Pods-UsedPiano.debug.xcconfig"; sourceTree = "<group>"; };
		B358400DA895ACED4EDD76AC /* libPods-UsedPiano.a */ = {isa = PBXFileReference; explicitFileType = archive.ar; includeInIndex = 0; path = "libPods-UsedPiano.a"; sourceTree = BUILT_PRODUCTS_DIR; };
		C021E9B71E8792CA002854FC /* AboutmeViewController.h */ = {isa = PBXFileReference; fileEncoding = 4; lastKnownFileType = sourcecode.c.h; path = AboutmeViewController.h; sourceTree = "<group>"; };
		C021E9B81E8792CA002854FC /* AboutmeViewController.m */ = {isa = PBXFileReference; fileEncoding = 4; lastKnownFileType = sourcecode.c.objc; path = AboutmeViewController.m; sourceTree = "<group>"; };
		C02AAFE81A80EADE0011454D /* GirlPiano.jpg */ = {isa = PBXFileReference; lastKnownFileType = image.jpeg; name = GirlPiano.jpg; path = AppIcon/GirlPiano.jpg; sourceTree = "<group>"; };
		C02AAFEE1A80F0540011454D /* girlPiano2.jpg */ = {isa = PBXFileReference; lastKnownFileType = image.jpeg; name = girlPiano2.jpg; path = AppIcon/girlPiano2.jpg; sourceTree = "<group>"; };
		C02AAFF01A80F1B60011454D /* girlPiano3.png */ = {isa = PBXFileReference; lastKnownFileType = image.png; name = girlPiano3.png; path = AppIcon/girlPiano3.png; sourceTree = "<group>"; };
		C054DC2719FE9AEE00C82E36 /* UsedPiano.app */ = {isa = PBXFileReference; explicitFileType = wrapper.application; includeInIndex = 0; path = UsedPiano.app; sourceTree = BUILT_PRODUCTS_DIR; };
		C054DC2A19FE9AEE00C82E36 /* Foundation.framework */ = {isa = PBXFileReference; lastKnownFileType = wrapper.framework; name = Foundation.framework; path = System/Library/Frameworks/Foundation.framework; sourceTree = SDKROOT; };
		C054DC2C19FE9AEE00C82E36 /* CoreGraphics.framework */ = {isa = PBXFileReference; lastKnownFileType = wrapper.framework; name = CoreGraphics.framework; path = System/Library/Frameworks/CoreGraphics.framework; sourceTree = SDKROOT; };
		C054DC2E19FE9AEE00C82E36 /* UIKit.framework */ = {isa = PBXFileReference; lastKnownFileType = wrapper.framework; name = UIKit.framework; path = System/Library/Frameworks/UIKit.framework; sourceTree = SDKROOT; };
		C054DC3219FE9AEE00C82E36 /* UsedPiano-Info.plist */ = {isa = PBXFileReference; lastKnownFileType = text.plist.xml; path = "UsedPiano-Info.plist"; sourceTree = "<group>"; };
		C054DC3619FE9AEE00C82E36 /* main.m */ = {isa = PBXFileReference; lastKnownFileType = sourcecode.c.objc; path = main.m; sourceTree = "<group>"; };
		C054DC3819FE9AEE00C82E36 /* UsedPiano-Prefix.pch */ = {isa = PBXFileReference; lastKnownFileType = sourcecode.c.h; path = "UsedPiano-Prefix.pch"; sourceTree = "<group>"; };
		C054DC3919FE9AEE00C82E36 /* AppDelegate.h */ = {isa = PBXFileReference; lastKnownFileType = sourcecode.c.h; path = AppDelegate.h; sourceTree = "<group>"; };
		C054DC3A19FE9AEE00C82E36 /* AppDelegate.m */ = {isa = PBXFileReference; lastKnownFileType = sourcecode.c.objc; path = AppDelegate.m; sourceTree = "<group>"; };
		C054DC4219FE9AEE00C82E36 /* Images.xcassets */ = {isa = PBXFileReference; lastKnownFileType = folder.assetcatalog; path = Images.xcassets; sourceTree = "<group>"; };
		C054DC4819FE9AEE00C82E36 /* UsedPianoTests.xctest */ = {isa = PBXFileReference; explicitFileType = wrapper.cfbundle; includeInIndex = 0; path = UsedPianoTests.xctest; sourceTree = BUILT_PRODUCTS_DIR; };
		C054DC4919FE9AEE00C82E36 /* XCTest.framework */ = {isa = PBXFileReference; lastKnownFileType = wrapper.framework; name = XCTest.framework; path = Library/Frameworks/XCTest.framework; sourceTree = DEVELOPER_DIR; };
		C054DC5119FE9AEE00C82E36 /* UsedPianoTests-Info.plist */ = {isa = PBXFileReference; lastKnownFileType = text.plist.xml; path = "UsedPianoTests-Info.plist"; sourceTree = "<group>"; };
		C054DC5319FE9AEE00C82E36 /* en */ = {isa = PBXFileReference; lastKnownFileType = text.plist.strings; name = en; path = en.lproj/InfoPlist.strings; sourceTree = "<group>"; };
		C054DC5519FE9AEE00C82E36 /* ____Tests.m */ = {isa = PBXFileReference; lastKnownFileType = sourcecode.c.objc; path = "____Tests.m"; sourceTree = "<group>"; };
		C054DC5F19FE9B0300C82E36 /* libsqlite3.dylib */ = {isa = PBXFileReference; lastKnownFileType = "compiled.mach-o.dylib"; name = libsqlite3.dylib; path = usr/lib/libsqlite3.dylib; sourceTree = SDKROOT; };
		C054DC6D19FE9B7D00C82E36 /* piano.h */ = {isa = PBXFileReference; fileEncoding = 4; lastKnownFileType = sourcecode.c.h; path = piano.h; sourceTree = "<group>"; };
		C054DC6E19FE9B7D00C82E36 /* piano.m */ = {isa = PBXFileReference; fileEncoding = 4; lastKnownFileType = sourcecode.c.objc; path = piano.m; sourceTree = "<group>"; };
		C054DC6F19FE9B7D00C82E36 /* pianoCell.h */ = {isa = PBXFileReference; fileEncoding = 4; lastKnownFileType = sourcecode.c.h; path = pianoCell.h; sourceTree = "<group>"; };
		C054DC7019FE9B7D00C82E36 /* pianoCell.m */ = {isa = PBXFileReference; fileEncoding = 4; lastKnownFileType = sourcecode.c.objc; path = pianoCell.m; sourceTree = "<group>"; };
		C054DC7219FE9B7D00C82E36 /* DisplayViewController.h */ = {isa = PBXFileReference; fileEncoding = 4; lastKnownFileType = sourcecode.c.h; path = DisplayViewController.h; sourceTree = "<group>"; };
		C054DC7319FE9B7D00C82E36 /* DisplayViewController.m */ = {isa = PBXFileReference; fileEncoding = 4; lastKnownFileType = sourcecode.c.objc; path = DisplayViewController.m; sourceTree = "<group>"; };
		C054DC7419FE9B7D00C82E36 /* PianoDetailViewController.h */ = {isa = PBXFileReference; fileEncoding = 4; lastKnownFileType = sourcecode.c.h; path = PianoDetailViewController.h; sourceTree = "<group>"; };
		C054DC7519FE9B7D00C82E36 /* PianoDetailViewController.m */ = {isa = PBXFileReference; fileEncoding = 4; lastKnownFileType = sourcecode.c.objc; path = PianoDetailViewController.m; sourceTree = "<group>"; };
		C07226251A788DEB00FB1B5C /* CoreLocation.framework */ = {isa = PBXFileReference; lastKnownFileType = wrapper.framework; name = CoreLocation.framework; path = System/Library/Frameworks/CoreLocation.framework; sourceTree = SDKROOT; };
		C08B1A631A7235990079A116 /* SystemConfiguration.framework */ = {isa = PBXFileReference; lastKnownFileType = wrapper.framework; name = SystemConfiguration.framework; path = System/Library/Frameworks/SystemConfiguration.framework; sourceTree = SDKROOT; };
		C08B1A651A7235A40079A116 /* QuartzCore.framework */ = {isa = PBXFileReference; lastKnownFileType = wrapper.framework; name = QuartzCore.framework; path = System/Library/Frameworks/QuartzCore.framework; sourceTree = SDKROOT; };
		C08B1A671A7235BA0079A116 /* CoreTelephony.framework */ = {isa = PBXFileReference; lastKnownFileType = wrapper.framework; name = CoreTelephony.framework; path = System/Library/Frameworks/CoreTelephony.framework; sourceTree = SDKROOT; };
		C08B1A691A7235D50079A116 /* libicucore.dylib */ = {isa = PBXFileReference; lastKnownFileType = "compiled.mach-o.dylib"; name = libicucore.dylib; path = usr/lib/libicucore.dylib; sourceTree = SDKROOT; };
		C08B1A6B1A7235E60079A116 /* libz.1.2.5.dylib */ = {isa = PBXFileReference; lastKnownFileType = "compiled.mach-o.dylib"; name = libz.1.2.5.dylib; path = usr/lib/libz.1.2.5.dylib; sourceTree = SDKROOT; };
		C08B1A6D1A7235EF0079A116 /* Security.framework */ = {isa = PBXFileReference; lastKnownFileType = wrapper.framework; name = Security.framework; path = System/Library/Frameworks/Security.framework; sourceTree = SDKROOT; };
		C08B1A6F1A7237480079A116 /* MessageUI.framework */ = {isa = PBXFileReference; lastKnownFileType = wrapper.framework; name = MessageUI.framework; path = System/Library/Frameworks/MessageUI.framework; sourceTree = SDKROOT; };
		C0C5C8551A49761800449FE1 /* MainStoryboard.storyboard */ = {isa = PBXFileReference; fileEncoding = 4; lastKnownFileType = file.storyboard; path = MainStoryboard.storyboard; sourceTree = "<group>"; };
		C0C8938E1A00EDC0001BE1F0 /* piano_detail.plist */ = {isa = PBXFileReference; fileEncoding = 4; lastKnownFileType = text.plist.xml; path = piano_detail.plist; sourceTree = "<group>"; };
		C0D64EC51E4EABD500C91851 /* HZPhotoBrowser.h */ = {isa = PBXFileReference; fileEncoding = 4; lastKnownFileType = sourcecode.c.h; path = HZPhotoBrowser.h; sourceTree = "<group>"; };
		C0D64EC61E4EABD500C91851 /* HZPhotoBrowser.m */ = {isa = PBXFileReference; fileEncoding = 4; lastKnownFileType = sourcecode.c.objc; path = HZPhotoBrowser.m; sourceTree = "<group>"; };
		C0D64EC71E4EABD500C91851 /* HZPhotoBrowserConfig.h */ = {isa = PBXFileReference; fileEncoding = 4; lastKnownFileType = sourcecode.c.h; path = HZPhotoBrowserConfig.h; sourceTree = "<group>"; };
		C0D64EC81E4EABD500C91851 /* HZPhotoBrowserView.h */ = {isa = PBXFileReference; fileEncoding = 4; lastKnownFileType = sourcecode.c.h; path = HZPhotoBrowserView.h; sourceTree = "<group>"; };
		C0D64EC91E4EABD500C91851 /* HZPhotoBrowserView.m */ = {isa = PBXFileReference; fileEncoding = 4; lastKnownFileType = sourcecode.c.objc; path = HZPhotoBrowserView.m; sourceTree = "<group>"; };
		C0D64ECA1E4EABD500C91851 /* HZPhotoGroup.h */ = {isa = PBXFileReference; fileEncoding = 4; lastKnownFileType = sourcecode.c.h; path = HZPhotoGroup.h; sourceTree = "<group>"; };
		C0D64ECB1E4EABD500C91851 /* HZPhotoGroup.m */ = {isa = PBXFileReference; fileEncoding = 4; lastKnownFileType = sourcecode.c.objc; path = HZPhotoGroup.m; sourceTree = "<group>"; };
		C0D64ECC1E4EABD500C91851 /* HZPhotoItem.h */ = {isa = PBXFileReference; fileEncoding = 4; lastKnownFileType = sourcecode.c.h; path = HZPhotoItem.h; sourceTree = "<group>"; };
		C0D64ECD1E4EABD500C91851 /* HZPhotoItem.m */ = {isa = PBXFileReference; fileEncoding = 4; lastKnownFileType = sourcecode.c.objc; path = HZPhotoItem.m; sourceTree = "<group>"; };
		C0D64ECE1E4EABD500C91851 /* HZWaitingView.h */ = {isa = PBXFileReference; fileEncoding = 4; lastKnownFileType = sourcecode.c.h; path = HZWaitingView.h; sourceTree = "<group>"; };
		C0D64ECF1E4EABD500C91851 /* HZWaitingView.m */ = {isa = PBXFileReference; fileEncoding = 4; lastKnownFileType = sourcecode.c.objc; path = HZWaitingView.m; sourceTree = "<group>"; };
		C0D64ED01E4EABD500C91851 /* whiteplaceholder.png */ = {isa = PBXFileReference; lastKnownFileType = image.png; path = whiteplaceholder.png; sourceTree = "<group>"; };
		E44589926D07BF3D0B007775 /* Pods-UsedPiano.release.xcconfig */ = {isa = PBXFileReference; includeInIndex = 1; lastKnownFileType = text.xcconfig; name = "Pods-UsedPiano.release.xcconfig"; path = "Pods/Target Support Files/Pods-UsedPiano/Pods-UsedPiano.release.xcconfig"; sourceTree = "<group>"; };
/* End PBXFileReference section */

/* Begin PBXFrameworksBuildPhase section */
		C054DC2419FE9AEE00C82E36 /* Frameworks */ = {
			isa = PBXFrameworksBuildPhase;
			buildActionMask = 2147483647;
			files = (
				C07226261A788DEB00FB1B5C /* CoreLocation.framework in Frameworks */,
				C08B1A701A7237480079A116 /* MessageUI.framework in Frameworks */,
				C08B1A6E1A7235EF0079A116 /* Security.framework in Frameworks */,
				C08B1A6C1A7235E60079A116 /* libz.1.2.5.dylib in Frameworks */,
				C08B1A6A1A7235D50079A116 /* libicucore.dylib in Frameworks */,
				C08B1A681A7235BA0079A116 /* CoreTelephony.framework in Frameworks */,
				C08B1A661A7235A40079A116 /* QuartzCore.framework in Frameworks */,
				C08B1A641A7235990079A116 /* SystemConfiguration.framework in Frameworks */,
				C054DC6019FE9B0300C82E36 /* libsqlite3.dylib in Frameworks */,
				C054DC2D19FE9AEE00C82E36 /* CoreGraphics.framework in Frameworks */,
				C054DC2F19FE9AEE00C82E36 /* UIKit.framework in Frameworks */,
				C054DC2B19FE9AEE00C82E36 /* Foundation.framework in Frameworks */,
				A311BF3069DCF1C947FB1D4C /* libPods-UsedPiano.a in Frameworks */,
			);
			runOnlyForDeploymentPostprocessing = 0;
		};
		C054DC4519FE9AEE00C82E36 /* Frameworks */ = {
			isa = PBXFrameworksBuildPhase;
			buildActionMask = 2147483647;
			files = (
				C054DC4A19FE9AEE00C82E36 /* XCTest.framework in Frameworks */,
				C054DC4C19FE9AEE00C82E36 /* UIKit.framework in Frameworks */,
				C054DC4B19FE9AEE00C82E36 /* Foundation.framework in Frameworks */,
			);
			runOnlyForDeploymentPostprocessing = 0;
		};
/* End PBXFrameworksBuildPhase section */

/* Begin PBXGroup section */
		08012C991E83C24900E925CD /* VideoPlayer */ = {
			isa = PBXGroup;
			children = (
				08012C9A1E83C24900E925CD /* ImageResources.bundle */,
				08012C9B1E83C24900E925CD /* Slider */,
				08012C9E1E83C24900E925CD /* XLVideoPlayer.h */,
				08012C9F1E83C24900E925CD /* XLVideoPlayer.m */,
			);
			path = VideoPlayer;
			sourceTree = "<group>";
		};
		08012C9B1E83C24900E925CD /* Slider */ = {
			isa = PBXGroup;
			children = (
				08012C9C1E83C24900E925CD /* XLSlider.h */,
				08012C9D1E83C24900E925CD /* XLSlider.m */,
			);
			path = Slider;
			sourceTree = "<group>";
		};
		08012CA31E83C25400E925CD /* View */ = {
			isa = PBXGroup;
			children = (
				08012CA41E83C25400E925CD /* XLVideoCell.h */,
				08012CA51E83C25400E925CD /* XLVideoCell.m */,
				08012CA61E83C25400E925CD /* XLVideoCell.xib */,
			);
			path = View;
			sourceTree = "<group>";
		};
		08012CA91E83C63200E925CD /* Model */ = {
			isa = PBXGroup;
			children = (
				08012CAA1E83C63200E925CD /* XLVideoItem.h */,
				08012CAB1E83C63200E925CD /* XLVideoItem.m */,
			);
			path = Model;
			sourceTree = "<group>";
		};
		084638B61E1D074000141902 /* PhotoBrowser */ = {
			isa = PBXGroup;
			children = (
				C0D64EC41E4EABD500C91851 /* ptotoBrowser */,
			);
			name = PhotoBrowser;
			path = Classes;
			sourceTree = "<group>";
		};
		0864744E1DF5411700072CB1 /* Model */ = {
			isa = PBXGroup;
			children = (
				C054DC6D19FE9B7D00C82E36 /* piano.h */,
				C054DC6E19FE9B7D00C82E36 /* piano.m */,
			);
			name = Model;
			sourceTree = "<group>";
		};
		0864744F1DF5412900072CB1 /* Views */ = {
			isa = PBXGroup;
			children = (
				084638A51E1CCB3B00141902 /* HLPictureScrollView.h */,
				084638A61E1CCB3B00141902 /* HLPictureScrollView.m */,
				C054DC6F19FE9B7D00C82E36 /* pianoCell.h */,
				C054DC7019FE9B7D00C82E36 /* pianoCell.m */,
				085FAFDB1E810E8B00A3F53E /* AYWebView.h */,
				085FAFDC1E810E8B00A3F53E /* AYWebView.m */,
			);
			name = Views;
			sourceTree = "<group>";
		};
		086474501DF5447400072CB1 /* Controller */ = {
			isa = PBXGroup;
			children = (
				082E7EA31E6FB5D900C45EAC /* AYTabBarViewController.h */,
				082E7EA41E6FB5D900C45EAC /* AYTabBarViewController.m */,
				C054DC7219FE9B7D00C82E36 /* DisplayViewController.h */,
				C054DC7319FE9B7D00C82E36 /* DisplayViewController.m */,
				C054DC7419FE9B7D00C82E36 /* PianoDetailViewController.h */,
				C054DC7519FE9B7D00C82E36 /* PianoDetailViewController.m */,
				082E7EA61E6FB75800C45EAC /* AYNavigationViewController.h */,
				082E7EA71E6FB75800C45EAC /* AYNavigationViewController.m */,
				082E7EA91E6FBE1500C45EAC /* AYVideoViewController.h */,
				082E7EAA1E6FBE1500C45EAC /* AYVideoViewController.m */,
				08012CAD1E83C9BB00E925CD /* AYVideoPlayViewController.h */,
				08012CAE1E83C9BB00E925CD /* AYVideoPlayViewController.m */,
				08EE6B321E7FE45D001565C5 /* AYPlayViewController.h */,
				08EE6B331E7FE45D001565C5 /* AYPlayViewController.m */,
				C021E9B71E8792CA002854FC /* AboutmeViewController.h */,
				C021E9B81E8792CA002854FC /* AboutmeViewController.m */,
			);
			name = Controller;
			sourceTree = "<group>";
		};
		086474691DF5479400072CB1 /* Tools */ = {
			isa = PBXGroup;
			children = (
				08012CA91E83C63200E925CD /* Model */,
				08012CA31E83C25400E925CD /* View */,
				08012C991E83C24900E925CD /* VideoPlayer */,
				084638B61E1D074000141902 /* PhotoBrowser */,
				086474971DF556A400072CB1 /* HLAccountManger.h */,
				086474981DF556A400072CB1 /* HLAccountManger.m */,
				086474941DF5483700072CB1 /* HLAudioTool.h */,
				086474951DF5483700072CB1 /* HLAudioTool.m */,
				086474911DF5482D00072CB1 /* LZProgressView.h */,
				086474921DF5482D00072CB1 /* LZProgressView.m */,
				0864748E1DF5482500072CB1 /* SBFMDBTool.h */,
				0864748F1DF5482500072CB1 /* SBFMDBTool.m */,
				0864748B1DF5481A00072CB1 /* HLHttpClient.h */,
				0864748C1DF5481A00072CB1 /* HLHttpClient.m */,
			);
			path = Tools;
			sourceTree = "<group>";
		};
		0864746A1DF547D600072CB1 /* Categorites */ = {
			isa = PBXGroup;
			children = (
				086474881DF5480E00072CB1 /* ISMessages+Alex.h */,
				086474891DF5480E00072CB1 /* ISMessages+Alex.m */,
				086474851DF5480200072CB1 /* UIBarButtonItem+Extension.h */,
				086474861DF5480200072CB1 /* UIBarButtonItem+Extension.m */,
				0864746C1DF547D600072CB1 /* NSString+Password.h */,
				0864746D1DF547D600072CB1 /* NSString+Password.m */,
				0864746E1DF547D600072CB1 /* NSString+size.h */,
				0864746F1DF547D600072CB1 /* NSString+size.m */,
				086474701DF547D600072CB1 /* UIColor+Help.h */,
				086474711DF547D600072CB1 /* UIColor+Help.m */,
				086474721DF547D600072CB1 /* UIFont+HLFont.h */,
				086474731DF547D600072CB1 /* UIFont+HLFont.m */,
				086474741DF547D600072CB1 /* UIImage+MJ.h */,
				086474751DF547D600072CB1 /* UIImage+MJ.m */,
				086474761DF547D600072CB1 /* UILabel+StringFrame.h */,
				086474771DF547D600072CB1 /* UILabel+StringFrame.m */,
				086474781DF547D600072CB1 /* UINavigationBar+BackgroundColor.h */,
				086474791DF547D600072CB1 /* UINavigationBar+BackgroundColor.m */,
				0864747A1DF547D600072CB1 /* UIView+Extension.h */,
				0864747B1DF547D600072CB1 /* UIView+Extension.m */,
			);
			path = Categorites;
			sourceTree = "<group>";
		};
		08AC91441E092A6C00F3E083 /* Others */ = {
			isa = PBXGroup;
			children = (
				08AC91451E092A6C00F3E083 /* Default-568h@2x.png */,
			);
			path = Others;
			sourceTree = "<group>";
		};
		BCBE2F83D7967457E5D4B0A1 /* Pods */ = {
			isa = PBXGroup;
			children = (
				726D1E79A3907F19EF67C2DC /* Pods-UsedPiano.debug.xcconfig */,
				E44589926D07BF3D0B007775 /* Pods-UsedPiano.release.xcconfig */,
			);
			name = Pods;
			sourceTree = "<group>";
		};
		C054DC1E19FE9AEE00C82E36 = {
			isa = PBXGroup;
			children = (
				C054DC3019FE9AEE00C82E36 /* 中古钢琴 */,
				C054DC4F19FE9AEE00C82E36 /* 中古钢琴Tests */,
				C054DC2919FE9AEE00C82E36 /* Frameworks */,
				C054DC2819FE9AEE00C82E36 /* Products */,
				BCBE2F83D7967457E5D4B0A1 /* Pods */,
			);
			sourceTree = "<group>";
		};
		C054DC2819FE9AEE00C82E36 /* Products */ = {
			isa = PBXGroup;
			children = (
				C054DC2719FE9AEE00C82E36 /* UsedPiano.app */,
				C054DC4819FE9AEE00C82E36 /* UsedPianoTests.xctest */,
			);
			name = Products;
			sourceTree = "<group>";
		};
		C054DC2919FE9AEE00C82E36 /* Frameworks */ = {
			isa = PBXGroup;
			children = (
				C07226251A788DEB00FB1B5C /* CoreLocation.framework */,
				C08B1A6F1A7237480079A116 /* MessageUI.framework */,
				C08B1A6D1A7235EF0079A116 /* Security.framework */,
				C08B1A6B1A7235E60079A116 /* libz.1.2.5.dylib */,
				C08B1A691A7235D50079A116 /* libicucore.dylib */,
				C08B1A671A7235BA0079A116 /* CoreTelephony.framework */,
				C08B1A651A7235A40079A116 /* QuartzCore.framework */,
				C08B1A631A7235990079A116 /* SystemConfiguration.framework */,
				C054DC5F19FE9B0300C82E36 /* libsqlite3.dylib */,
				C054DC2A19FE9AEE00C82E36 /* Foundation.framework */,
				C054DC2C19FE9AEE00C82E36 /* CoreGraphics.framework */,
				C054DC2E19FE9AEE00C82E36 /* UIKit.framework */,
				C054DC4919FE9AEE00C82E36 /* XCTest.framework */,
				B358400DA895ACED4EDD76AC /* libPods-UsedPiano.a */,
			);
			name = Frameworks;
			sourceTree = "<group>";
		};
		C054DC3019FE9AEE00C82E36 /* 中古钢琴 */ = {
			isa = PBXGroup;
			children = (
				08AC91441E092A6C00F3E083 /* Others */,
				0864746A1DF547D600072CB1 /* Categorites */,
				086474691DF5479400072CB1 /* Tools */,
				0864744F1DF5412900072CB1 /* Views */,
				0864744E1DF5411700072CB1 /* Model */,
				086474501DF5447400072CB1 /* Controller */,
				C0C5C8551A49761800449FE1 /* MainStoryboard.storyboard */,
				C054DC3919FE9AEE00C82E36 /* AppDelegate.h */,
				C054DC3A19FE9AEE00C82E36 /* AppDelegate.m */,
				C054DC4219FE9AEE00C82E36 /* Images.xcassets */,
				C054DC3119FE9AEE00C82E36 /* Supporting Files */,
			);
			path = "中古钢琴";
			sourceTree = "<group>";
		};
		C054DC3119FE9AEE00C82E36 /* Supporting Files */ = {
			isa = PBXGroup;
			children = (
				08AC91471E09405300F3E083 /* Internet Widgits Pty Ltd.cer */,
				0864744C1DF540B800072CB1 /* AlexPianoDataBase.sqlite */,
				C02AAFF01A80F1B60011454D /* girlPiano3.png */,
				C02AAFEE1A80F0540011454D /* girlPiano2.jpg */,
				C02AAFE81A80EADE0011454D /* GirlPiano.jpg */,
				C054DC3219FE9AEE00C82E36 /* UsedPiano-Info.plist */,
				C054DC3619FE9AEE00C82E36 /* main.m */,
				C054DC3819FE9AEE00C82E36 /* UsedPiano-Prefix.pch */,
				C0C8938E1A00EDC0001BE1F0 /* piano_detail.plist */,
			);
			name = "Supporting Files";
			sourceTree = "<group>";
		};
		C054DC4F19FE9AEE00C82E36 /* 中古钢琴Tests */ = {
			isa = PBXGroup;
			children = (
				C054DC5519FE9AEE00C82E36 /* ____Tests.m */,
				C054DC5019FE9AEE00C82E36 /* Supporting Files */,
			);
			path = "中古钢琴Tests";
			sourceTree = "<group>";
		};
		C054DC5019FE9AEE00C82E36 /* Supporting Files */ = {
			isa = PBXGroup;
			children = (
				C054DC5119FE9AEE00C82E36 /* UsedPianoTests-Info.plist */,
				C054DC5219FE9AEE00C82E36 /* InfoPlist.strings */,
			);
			name = "Supporting Files";
			sourceTree = "<group>";
		};
		C0D64EC41E4EABD500C91851 /* ptotoBrowser */ = {
			isa = PBXGroup;
			children = (
				C0D64EC51E4EABD500C91851 /* HZPhotoBrowser.h */,
				C0D64EC61E4EABD500C91851 /* HZPhotoBrowser.m */,
				C0D64EC71E4EABD500C91851 /* HZPhotoBrowserConfig.h */,
				C0D64EC81E4EABD500C91851 /* HZPhotoBrowserView.h */,
				C0D64EC91E4EABD500C91851 /* HZPhotoBrowserView.m */,
				C0D64ECA1E4EABD500C91851 /* HZPhotoGroup.h */,
				C0D64ECB1E4EABD500C91851 /* HZPhotoGroup.m */,
				C0D64ECC1E4EABD500C91851 /* HZPhotoItem.h */,
				C0D64ECD1E4EABD500C91851 /* HZPhotoItem.m */,
				C0D64ECE1E4EABD500C91851 /* HZWaitingView.h */,
				C0D64ECF1E4EABD500C91851 /* HZWaitingView.m */,
				C0D64ED01E4EABD500C91851 /* whiteplaceholder.png */,
			);
			path = ptotoBrowser;
			sourceTree = "<group>";
		};
/* End PBXGroup section */

/* Begin PBXNativeTarget section */
		C054DC2619FE9AEE00C82E36 /* UsedPiano */ = {
			isa = PBXNativeTarget;
			buildConfigurationList = C054DC5919FE9AEE00C82E36 /* Build configuration list for PBXNativeTarget "UsedPiano" */;
			buildPhases = (
				F77ACE3D8F0A9BD73E868E5E /* [CP] Check Pods Manifest.lock */,
				C054DC2319FE9AEE00C82E36 /* Sources */,
				C054DC2419FE9AEE00C82E36 /* Frameworks */,
				C054DC2519FE9AEE00C82E36 /* Resources */,
				09C3B662B5E7CD0E72EAA2EB /* [CP] Embed Pods Frameworks */,
				84FD5B3DE7C4426BA4ADE6BF /* [CP] Copy Pods Resources */,
			);
			buildRules = (
			);
			dependencies = (
			);
			name = UsedPiano;
			productName = "中古钢琴";
			productReference = C054DC2719FE9AEE00C82E36 /* UsedPiano.app */;
			productType = "com.apple.product-type.application";
		};
		C054DC4719FE9AEE00C82E36 /* UsedPianoTests */ = {
			isa = PBXNativeTarget;
			buildConfigurationList = C054DC5C19FE9AEE00C82E36 /* Build configuration list for PBXNativeTarget "UsedPianoTests" */;
			buildPhases = (
				C054DC4419FE9AEE00C82E36 /* Sources */,
				C054DC4519FE9AEE00C82E36 /* Frameworks */,
				C054DC4619FE9AEE00C82E36 /* Resources */,
			);
			buildRules = (
			);
			dependencies = (
				C054DC4E19FE9AEE00C82E36 /* PBXTargetDependency */,
			);
			name = UsedPianoTests;
			productName = "中古钢琴Tests";
			productReference = C054DC4819FE9AEE00C82E36 /* UsedPianoTests.xctest */;
			productType = "com.apple.product-type.bundle.unit-test";
		};
/* End PBXNativeTarget section */

/* Begin PBXProject section */
		C054DC1F19FE9AEE00C82E36 /* Project object */ = {
			isa = PBXProject;
			attributes = {
				LastUpgradeCheck = 0510;
				ORGANIZATIONNAME = Blueyang;
				TargetAttributes = {
					C054DC2619FE9AEE00C82E36 = {
						DevelopmentTeam = X77M95VSB8;
						ProvisioningStyle = Automatic;
					};
					C054DC4719FE9AEE00C82E36 = {
						TestTargetID = C054DC2619FE9AEE00C82E36;
					};
				};
			};
			buildConfigurationList = C054DC2219FE9AEE00C82E36 /* Build configuration list for PBXProject "UsedPiano" */;
			compatibilityVersion = "Xcode 3.2";
			developmentRegion = English;
			hasScannedForEncodings = 0;
			knownRegions = (
				en,
				Base,
			);
			mainGroup = C054DC1E19FE9AEE00C82E36;
			productRefGroup = C054DC2819FE9AEE00C82E36 /* Products */;
			projectDirPath = "";
			projectRoot = "";
			targets = (
				C054DC2619FE9AEE00C82E36 /* UsedPiano */,
				C054DC4719FE9AEE00C82E36 /* UsedPianoTests */,
			);
		};
/* End PBXProject section */

/* Begin PBXResourcesBuildPhase section */
		C054DC2519FE9AEE00C82E36 /* Resources */ = {
			isa = PBXResourcesBuildPhase;
			buildActionMask = 2147483647;
			files = (
				C02AAFF11A80F1B60011454D /* girlPiano3.png in Resources */,
				0864744D1DF540B800072CB1 /* AlexPianoDataBase.sqlite in Resources */,
				C0C8938F1A00EDC0001BE1F0 /* piano_detail.plist in Resources */,
				08AC91461E092A6C00F3E083 /* Default-568h@2x.png in Resources */,
				08012CA01E83C24900E925CD /* ImageResources.bundle in Resources */,
				C054DC4319FE9AEE00C82E36 /* Images.xcassets in Resources */,
				08AC91481E09405300F3E083 /* Internet Widgits Pty Ltd.cer in Resources */,
				C02AAFEF1A80F0540011454D /* girlPiano2.jpg in Resources */,
				C0D64ED61E4EABD500C91851 /* whiteplaceholder.png in Resources */,
				C02AAFE91A80EADE0011454D /* GirlPiano.jpg in Resources */,
				C0C5C8561A49761800449FE1 /* MainStoryboard.storyboard in Resources */,
				08012CA81E83C25400E925CD /* XLVideoCell.xib in Resources */,
			);
			runOnlyForDeploymentPostprocessing = 0;
		};
		C054DC4619FE9AEE00C82E36 /* Resources */ = {
			isa = PBXResourcesBuildPhase;
			buildActionMask = 2147483647;
			files = (
				C054DC5419FE9AEE00C82E36 /* InfoPlist.strings in Resources */,
			);
			runOnlyForDeploymentPostprocessing = 0;
		};
/* End PBXResourcesBuildPhase section */

/* Begin PBXShellScriptBuildPhase section */
		09C3B662B5E7CD0E72EAA2EB /* [CP] Embed Pods Frameworks */ = {
			isa = PBXShellScriptBuildPhase;
			buildActionMask = 2147483647;
			files = (
			);
			inputPaths = (
			);
			name = "[CP] Embed Pods Frameworks";
			outputPaths = (
			);
			runOnlyForDeploymentPostprocessing = 0;
			shellPath = /bin/sh;
			shellScript = "\"${SRCROOT}/Pods/Target Support Files/Pods-UsedPiano/Pods-UsedPiano-frameworks.sh\"\n";
			showEnvVarsInLog = 0;
		};
		84FD5B3DE7C4426BA4ADE6BF /* [CP] Copy Pods Resources */ = {
			isa = PBXShellScriptBuildPhase;
			buildActionMask = 2147483647;
			files = (
			);
			inputPaths = (
			);
			name = "[CP] Copy Pods Resources";
			outputPaths = (
			);
			runOnlyForDeploymentPostprocessing = 0;
			shellPath = /bin/sh;
			shellScript = "\"${SRCROOT}/Pods/Target Support Files/Pods-UsedPiano/Pods-UsedPiano-resources.sh\"\n";
			showEnvVarsInLog = 0;
		};
		F77ACE3D8F0A9BD73E868E5E /* [CP] Check Pods Manifest.lock */ = {
			isa = PBXShellScriptBuildPhase;
			buildActionMask = 2147483647;
			files = (
			);
			inputPaths = (
			);
			name = "[CP] Check Pods Manifest.lock";
			outputPaths = (
			);
			runOnlyForDeploymentPostprocessing = 0;
			shellPath = /bin/sh;
			shellScript = "diff \"${PODS_ROOT}/../Podfile.lock\" \"${PODS_ROOT}/Manifest.lock\" > /dev/null\nif [ $? != 0 ] ; then\n    # print error to STDERR\n    echo \"error: The sandbox is not in sync with the Podfile.lock. Run 'pod install' or update your CocoaPods installation.\" >&2\n    exit 1\nfi\n";
			showEnvVarsInLog = 0;
		};
/* End PBXShellScriptBuildPhase section */

/* Begin PBXSourcesBuildPhase section */
		C054DC2319FE9AEE00C82E36 /* Sources */ = {
			isa = PBXSourcesBuildPhase;
			buildActionMask = 2147483647;
			files = (
				08EE6B341E7FE45D001565C5 /* AYPlayViewController.m in Sources */,
				08012CA21E83C24900E925CD /* XLVideoPlayer.m in Sources */,
				082E7EA51E6FB5D900C45EAC /* AYTabBarViewController.m in Sources */,
				084638A71E1CCB3B00141902 /* HLPictureScrollView.m in Sources */,
				0864748A1DF5480E00072CB1 /* ISMessages+Alex.m in Sources */,
				086474811DF547D600072CB1 /* UIImage+MJ.m in Sources */,
				082E7EAB1E6FBE1500C45EAC /* AYVideoViewController.m in Sources */,
				082E7EA81E6FB75800C45EAC /* AYNavigationViewController.m in Sources */,
				0864748D1DF5481A00072CB1 /* HLHttpClient.m in Sources */,
				C054DC7819FE9B7D00C82E36 /* piano.m in Sources */,
				08012CAC1E83C63200E925CD /* XLVideoItem.m in Sources */,
				086474931DF5482D00072CB1 /* LZProgressView.m in Sources */,
				C054DC7919FE9B7D00C82E36 /* pianoCell.m in Sources */,
				C054DC3B19FE9AEE00C82E36 /* AppDelegate.m in Sources */,
				C0D64ED41E4EABD500C91851 /* HZPhotoItem.m in Sources */,
				08012CAF1E83C9BB00E925CD /* AYVideoPlayViewController.m in Sources */,
				08012CA71E83C25400E925CD /* XLVideoCell.m in Sources */,
				C054DC7B19FE9B7D00C82E36 /* DisplayViewController.m in Sources */,
				086474991DF556A400072CB1 /* HLAccountManger.m in Sources */,
				C0D64ED11E4EABD500C91851 /* HZPhotoBrowser.m in Sources */,
				C054DC3719FE9AEE00C82E36 /* main.m in Sources */,
				086474871DF5480200072CB1 /* UIBarButtonItem+Extension.m in Sources */,
				085FAFDD1E810E8B00A3F53E /* AYWebView.m in Sources */,
				086474841DF547D600072CB1 /* UIView+Extension.m in Sources */,
				086474961DF5483700072CB1 /* HLAudioTool.m in Sources */,
				08012CA11E83C24900E925CD /* XLSlider.m in Sources */,
				086474831DF547D600072CB1 /* UINavigationBar+BackgroundColor.m in Sources */,
				086474801DF547D600072CB1 /* UIFont+HLFont.m in Sources */,
				C021E9B91E8792CA002854FC /* AboutmeViewController.m in Sources */,
				C0D64ED21E4EABD500C91851 /* HZPhotoBrowserView.m in Sources */,
				C054DC7C19FE9B7D00C82E36 /* PianoDetailViewController.m in Sources */,
				0864747F1DF547D600072CB1 /* UIColor+Help.m in Sources */,
				C0D64ED51E4EABD500C91851 /* HZWaitingView.m in Sources */,
				0864747D1DF547D600072CB1 /* NSString+Password.m in Sources */,
				0864747E1DF547D600072CB1 /* NSString+size.m in Sources */,
				086474821DF547D600072CB1 /* UILabel+StringFrame.m in Sources */,
				C0D64ED31E4EABD500C91851 /* HZPhotoGroup.m in Sources */,
				086474901DF5482500072CB1 /* SBFMDBTool.m in Sources */,
			);
			runOnlyForDeploymentPostprocessing = 0;
		};
		C054DC4419FE9AEE00C82E36 /* Sources */ = {
			isa = PBXSourcesBuildPhase;
			buildActionMask = 2147483647;
			files = (
				C054DC5619FE9AEE00C82E36 /* ____Tests.m in Sources */,
			);
			runOnlyForDeploymentPostprocessing = 0;
		};
/* End PBXSourcesBuildPhase section */

/* Begin PBXTargetDependency section */
		C054DC4E19FE9AEE00C82E36 /* PBXTargetDependency */ = {
			isa = PBXTargetDependency;
			target = C054DC2619FE9AEE00C82E36 /* UsedPiano */;
			targetProxy = C054DC4D19FE9AEE00C82E36 /* PBXContainerItemProxy */;
		};
/* End PBXTargetDependency section */

/* Begin PBXVariantGroup section */
		C054DC5219FE9AEE00C82E36 /* InfoPlist.strings */ = {
			isa = PBXVariantGroup;
			children = (
				C054DC5319FE9AEE00C82E36 /* en */,
			);
			name = InfoPlist.strings;
			sourceTree = "<group>";
		};
/* End PBXVariantGroup section */

/* Begin XCBuildConfiguration section */
		C054DC5719FE9AEE00C82E36 /* Debug */ = {
			isa = XCBuildConfiguration;
			buildSettings = {
				ALWAYS_SEARCH_USER_PATHS = NO;
				CLANG_CXX_LANGUAGE_STANDARD = "gnu++0x";
				CLANG_CXX_LIBRARY = "libc++";
				CLANG_ENABLE_MODULES = YES;
				CLANG_ENABLE_OBJC_ARC = YES;
				CLANG_WARN_BOOL_CONVERSION = YES;
				CLANG_WARN_CONSTANT_CONVERSION = YES;
				CLANG_WARN_DIRECT_OBJC_ISA_USAGE = YES_ERROR;
				CLANG_WARN_EMPTY_BODY = YES;
				CLANG_WARN_ENUM_CONVERSION = YES;
				CLANG_WARN_INT_CONVERSION = YES;
				CLANG_WARN_OBJC_ROOT_CLASS = YES_ERROR;
				CLANG_WARN__DUPLICATE_METHOD_MATCH = YES;
				"CODE_SIGN_IDENTITY[sdk=iphoneos*]" = "iPhone Developer";
				COPY_PHASE_STRIP = NO;
				GCC_C_LANGUAGE_STANDARD = gnu99;
				GCC_DYNAMIC_NO_PIC = NO;
				GCC_OPTIMIZATION_LEVEL = 0;
				GCC_PREPROCESSOR_DEFINITIONS = (
					"DEBUG=1",
					"$(inherited)",
				);
				GCC_SYMBOLS_PRIVATE_EXTERN = NO;
				GCC_WARN_64_TO_32_BIT_CONVERSION = YES;
				GCC_WARN_ABOUT_RETURN_TYPE = YES_ERROR;
				GCC_WARN_UNDECLARED_SELECTOR = YES;
				GCC_WARN_UNINITIALIZED_AUTOS = YES_AGGRESSIVE;
				GCC_WARN_UNUSED_FUNCTION = YES;
				GCC_WARN_UNUSED_VARIABLE = YES;
				IPHONEOS_DEPLOYMENT_TARGET = 8.1;
				ONLY_ACTIVE_ARCH = YES;
				PROVISIONING_PROFILE = "66b9f0a5-21bb-4402-a1be-5372c2b65cb9";
				SDKROOT = iphoneos;
			};
			name = Debug;
		};
		C054DC5819FE9AEE00C82E36 /* Release */ = {
			isa = XCBuildConfiguration;
			buildSettings = {
				ALWAYS_SEARCH_USER_PATHS = NO;
				CLANG_CXX_LANGUAGE_STANDARD = "gnu++0x";
				CLANG_CXX_LIBRARY = "libc++";
				CLANG_ENABLE_MODULES = YES;
				CLANG_ENABLE_OBJC_ARC = YES;
				CLANG_WARN_BOOL_CONVERSION = YES;
				CLANG_WARN_CONSTANT_CONVERSION = YES;
				CLANG_WARN_DIRECT_OBJC_ISA_USAGE = YES_ERROR;
				CLANG_WARN_EMPTY_BODY = YES;
				CLANG_WARN_ENUM_CONVERSION = YES;
				CLANG_WARN_INT_CONVERSION = YES;
				CLANG_WARN_OBJC_ROOT_CLASS = YES_ERROR;
				CLANG_WARN__DUPLICATE_METHOD_MATCH = YES;
				"CODE_SIGN_IDENTITY[sdk=iphoneos*]" = "iPhone Distribution";
				COPY_PHASE_STRIP = YES;
				ENABLE_NS_ASSERTIONS = NO;
				GCC_C_LANGUAGE_STANDARD = gnu99;
				GCC_WARN_64_TO_32_BIT_CONVERSION = YES;
				GCC_WARN_ABOUT_RETURN_TYPE = YES_ERROR;
				GCC_WARN_UNDECLARED_SELECTOR = YES;
				GCC_WARN_UNINITIALIZED_AUTOS = YES_AGGRESSIVE;
				GCC_WARN_UNUSED_FUNCTION = YES;
				GCC_WARN_UNUSED_VARIABLE = YES;
				IPHONEOS_DEPLOYMENT_TARGET = 8.1;
				PROVISIONING_PROFILE = "66b9f0a5-21bb-4402-a1be-5372c2b65cb9";
				SDKROOT = iphoneos;
				VALIDATE_PRODUCT = YES;
			};
			name = Release;
		};
		C054DC5A19FE9AEE00C82E36 /* Debug */ = {
			isa = XCBuildConfiguration;
			baseConfigurationReference = 726D1E79A3907F19EF67C2DC /* Pods-UsedPiano.debug.xcconfig */;
			buildSettings = {
				ASSETCATALOG_COMPILER_APPICON_NAME = AppIcon;
				CLANG_ENABLE_MODULES = YES;
				CODE_SIGN_IDENTITY = "iPhone Developer";
				"CODE_SIGN_IDENTITY[sdk=iphoneos*]" = "iPhone Developer";
				DEVELOPMENT_TEAM = X77M95VSB8;
				ENABLE_BITCODE = NO;
				FRAMEWORK_SEARCH_PATHS = "$(inherited)";
				GCC_PRECOMPILE_PREFIX_HEADER = YES;
				GCC_PREFIX_HEADER = "中古钢琴/UsedPiano-Prefix.pch";
				INFOPLIST_FILE = "中古钢琴/UsedPiano-Info.plist";
				IPHONEOS_DEPLOYMENT_TARGET = 8.0;
				LD_RUNPATH_SEARCH_PATHS = "$(inherited) @executable_path/Frameworks";
				LIBRARY_SEARCH_PATHS = "$(inherited)";
				PRODUCT_BUNDLE_IDENTIFIER = dgutyang.UsedPiano;
				PRODUCT_NAME = UsedPiano;
				PROVISIONING_PROFILE = "";
				PROVISIONING_PROFILE_SPECIFIER = "";
				SWIFT_OBJC_BRIDGING_HEADER = "中古钢琴/Tool/Used Piano-Bridging-Header.h";
				SWIFT_OPTIMIZATION_LEVEL = "-Onone";
				TARGETED_DEVICE_FAMILY = 1;
				WRAPPER_EXTENSION = app;
			};
			name = Debug;
		};
		C054DC5B19FE9AEE00C82E36 /* Release */ = {
			isa = XCBuildConfiguration;
			baseConfigurationReference = E44589926D07BF3D0B007775 /* Pods-UsedPiano.release.xcconfig */;
			buildSettings = {
				ASSETCATALOG_COMPILER_APPICON_NAME = AppIcon;
				CLANG_ENABLE_MODULES = YES;
				CODE_SIGN_IDENTITY = "iPhone Distribution";
				"CODE_SIGN_IDENTITY[sdk=iphoneos*]" = "iPhone Developer";
				DEVELOPMENT_TEAM = X77M95VSB8;
				ENABLE_BITCODE = NO;
				FRAMEWORK_SEARCH_PATHS = "$(inherited)";
				GCC_PRECOMPILE_PREFIX_HEADER = YES;
				GCC_PREFIX_HEADER = "中古钢琴/UsedPiano-Prefix.pch";
				INFOPLIST_FILE = "中古钢琴/UsedPiano-Info.plist";
				IPHONEOS_DEPLOYMENT_TARGET = 8.0;
				LD_RUNPATH_SEARCH_PATHS = "$(inherited) @executable_path/Frameworks";
				LIBRARY_SEARCH_PATHS = "$(inherited)";
				PRODUCT_BUNDLE_IDENTIFIER = dgutyang.UsedPiano;
				PRODUCT_NAME = UsedPiano;
				PROVISIONING_PROFILE = "";
				PROVISIONING_PROFILE_SPECIFIER = "";
				SWIFT_OBJC_BRIDGING_HEADER = "中古钢琴/Tool/Used Piano-Bridging-Header.h";
				TARGETED_DEVICE_FAMILY = 1;
				WRAPPER_EXTENSION = app;
			};
			name = Release;
		};
		C054DC5D19FE9AEE00C82E36 /* Debug */ = {
			isa = XCBuildConfiguration;
			buildSettings = {
				BUNDLE_LOADER = "$(BUILT_PRODUCTS_DIR)/中古钢琴.app/中古钢琴";
				FRAMEWORK_SEARCH_PATHS = (
					"$(SDKROOT)/Developer/Library/Frameworks",
					"$(inherited)",
					"$(DEVELOPER_FRAMEWORKS_DIR)",
				);
				GCC_PRECOMPILE_PREFIX_HEADER = YES;
				GCC_PREFIX_HEADER = "中古钢琴/中古钢琴-Prefix.pch";
				GCC_PREPROCESSOR_DEFINITIONS = (
					"DEBUG=1",
					"$(inherited)",
				);
				INFOPLIST_FILE = "中古钢琴Tests/UsedPianoTests-Info.plist";
				PRODUCT_NAME = UsedPianoTests;
				TEST_HOST = "$(BUNDLE_LOADER)";
				WRAPPER_EXTENSION = xctest;
			};
			name = Debug;
		};
		C054DC5E19FE9AEE00C82E36 /* Release */ = {
			isa = XCBuildConfiguration;
			buildSettings = {
				BUNDLE_LOADER = "$(BUILT_PRODUCTS_DIR)/中古钢琴.app/中古钢琴";
				FRAMEWORK_SEARCH_PATHS = (
					"$(SDKROOT)/Developer/Library/Frameworks",
					"$(inherited)",
					"$(DEVELOPER_FRAMEWORKS_DIR)",
				);
				GCC_PRECOMPILE_PREFIX_HEADER = YES;
				GCC_PREFIX_HEADER = "中古钢琴/中古钢琴-Prefix.pch";
				INFOPLIST_FILE = "中古钢琴Tests/UsedPianoTests-Info.plist";
				PRODUCT_NAME = UsedPianoTests;
				TEST_HOST = "$(BUNDLE_LOADER)";
				WRAPPER_EXTENSION = xctest;
			};
			name = Release;
		};
/* End XCBuildConfiguration section */

/* Begin XCConfigurationList section */
		C054DC2219FE9AEE00C82E36 /* Build configuration list for PBXProject "UsedPiano" */ = {
			isa = XCConfigurationList;
			buildConfigurations = (
				C054DC5719FE9AEE00C82E36 /* Debug */,
				C054DC5819FE9AEE00C82E36 /* Release */,
			);
			defaultConfigurationIsVisible = 0;
			defaultConfigurationName = Release;
		};
		C054DC5919FE9AEE00C82E36 /* Build configuration list for PBXNativeTarget "UsedPiano" */ = {
			isa = XCConfigurationList;
			buildConfigurations = (
				C054DC5A19FE9AEE00C82E36 /* Debug */,
				C054DC5B19FE9AEE00C82E36 /* Release */,
			);
			defaultConfigurationIsVisible = 0;
			defaultConfigurationName = Release;
		};
		C054DC5C19FE9AEE00C82E36 /* Build configuration list for PBXNativeTarget "UsedPianoTests" */ = {
			isa = XCConfigurationList;
			buildConfigurations = (
				C054DC5D19FE9AEE00C82E36 /* Debug */,
				C054DC5E19FE9AEE00C82E36 /* Release */,
			);
			defaultConfigurationIsVisible = 0;
			defaultConfigurationName = Release;
		};
/* End XCConfigurationList section */
	};
	rootObject = C054DC1F19FE9AEE00C82E36 /* Project object */;
}
